<?xml version="1.0" encoding="utf-8"?>
<Project ToolsVersion="4.0" xmlns="http://schemas.microsoft.com/developer/msbuild/2003">
  <ItemGroup>
    <Filter Include="Assets">
      <UniqueIdentifier>{aa2dff80-cc46-4aaa-9c9e-7784c2a0cdf0}</UniqueIdentifier>
    </Filter>
    <Filter Include="Assets\modelData">
      <UniqueIdentifier>{a27dfd5d-af93-4623-b084-aad00b7739c4}</UniqueIdentifier>
    </Filter>
    <Filter Include="character">
      <UniqueIdentifier>{c57b7107-f9f3-4b72-8f3e-8644593ed533}</UniqueIdentifier>
    </Filter>
    <Filter Include="graphics">
      <UniqueIdentifier>{b7a9a0ab-a792-43fe-a5a7-760b8c976aca}</UniqueIdentifier>
    </Filter>
    <Filter Include="graphics\animation">
      <UniqueIdentifier>{d83ac002-5cd8-4ff4-977a-e7b5ebce5263}</UniqueIdentifier>
    </Filter>
    <Filter Include="level">
      <UniqueIdentifier>{73eacaf4-a5db-4539-ab55-83b9c5d4807c}</UniqueIdentifier>
    </Filter>
    <Filter Include="HID">
      <UniqueIdentifier>{bbdeed04-d9d3-4ff9-bb44-9d888be6899a}</UniqueIdentifier>
    </Filter>
    <Filter Include="math">
      <UniqueIdentifier>{39e7f303-3dac-4bde-bedf-33a5497f262e}</UniqueIdentifier>
    </Filter>
    <Filter Include="physics">
      <UniqueIdentifier>{1eed4cab-11aa-4e90-960a-a01360c5a392}</UniqueIdentifier>
    </Filter>
    <Filter Include="system">
      <UniqueIdentifier>{48b58c60-bbe2-40d8-9d2f-e81d065b6820}</UniqueIdentifier>
    </Filter>
    <Filter Include="Source Files">
      <UniqueIdentifier>{84383d01-27f8-4b49-9ff3-ed124df97d4a}</UniqueIdentifier>
    </Filter>
    <Filter Include="Source Files\GameObject">
      <UniqueIdentifier>{29a046cc-62df-4712-a76b-28e99376dbb9}</UniqueIdentifier>
    </Filter>
    <Filter Include="Source Files\graphics">
      <UniqueIdentifier>{252e4ac3-af5d-4fc7-9031-8b0d46424579}</UniqueIdentifier>
    </Filter>
    <Filter Include="Source Files\graphics\2D">
      <UniqueIdentifier>{3bd8536f-d001-4f76-ae6d-d243788bf5ed}</UniqueIdentifier>
    </Filter>
    <Filter Include="Source Files\graphics\GPUBuffer">
      <UniqueIdentifier>{abfae801-c6d7-4cb4-b9b5-ddac7cb9069d}</UniqueIdentifier>
    </Filter>
    <Filter Include="Source Files\graphics\GPUView">
      <UniqueIdentifier>{6ab67cee-2d8b-44bf-8373-cbd57325ae48}</UniqueIdentifier>
    </Filter>
    <Filter Include="monster">
      <UniqueIdentifier>{9090f47d-59d3-40b5-a088-f677f024e2d3}</UniqueIdentifier>
    </Filter>
    <Filter Include="skill">
      <UniqueIdentifier>{1bc3184a-29a2-49ae-bba0-789ee1507af7}</UniqueIdentifier>
    </Filter>
  </ItemGroup>
  <ItemGroup>
    <ClCompile Include="math\Vector.cpp">
      <Filter>math</Filter>
    </ClCompile>
    <ClCompile Include="math\kMath.cpp">
      <Filter>math</Filter>
    </ClCompile>
    <ClCompile Include="math\Matrix.cpp">
      <Filter>math</Filter>
    </ClCompile>
    <ClCompile Include="graphics\GraphicsEngine.cpp">
      <Filter>graphics</Filter>
    </ClCompile>
    <ClCompile Include="graphics\SkinModel.cpp">
      <Filter>graphics</Filter>
    </ClCompile>
    <ClCompile Include="graphics\SkinModelDataManager.cpp">
      <Filter>graphics</Filter>
    </ClCompile>
    <ClCompile Include="graphics\Skeleton.cpp">
      <Filter>graphics</Filter>
    </ClCompile>
    <ClCompile Include="graphics\SkinModelEffect.cpp">
      <Filter>graphics</Filter>
    </ClCompile>
    <ClCompile Include="graphics\Shader.cpp">
      <Filter>graphics</Filter>
    </ClCompile>
    <ClCompile Include="graphics\ShaderResources.cpp">
      <Filter>graphics</Filter>
    </ClCompile>
    <ClCompile Include="graphics\animation\Animation.cpp">
      <Filter>graphics\animation</Filter>
    </ClCompile>
    <ClCompile Include="graphics\animation\AnimationClip.cpp">
      <Filter>graphics\animation</Filter>
    </ClCompile>
    <ClCompile Include="graphics\animation\AnimationPlayController.cpp">
      <Filter>graphics\animation</Filter>
    </ClCompile>
    <ClCompile Include="HID\Pad.cpp">
      <Filter>HID</Filter>
    </ClCompile>
    <ClCompile Include="system\system.cpp">
      <Filter>system</Filter>
    </ClCompile>
    <ClCompile Include="graphics\Camera.cpp">
      <Filter>graphics</Filter>
    </ClCompile>
    <ClCompile Include="physics\RigidBody.cpp">
      <Filter>physics</Filter>
    </ClCompile>
    <ClCompile Include="physics\Physics.cpp">
      <Filter>physics</Filter>
    </ClCompile>
    <ClCompile Include="physics\MeshCollider.cpp">
      <Filter>physics</Filter>
    </ClCompile>
    <ClCompile Include="physics\CapsuleCollider.cpp">
      <Filter>physics</Filter>
    </ClCompile>
    <ClCompile Include="physics\PhysicsStaticObject.cpp">
      <Filter>physics</Filter>
    </ClCompile>
    <ClCompile Include="character\CharacterController.cpp">
      <Filter>character</Filter>
    </ClCompile>
    <ClCompile Include="level\Level.cpp">
      <Filter>level</Filter>
    </ClCompile>
    <ClCompile Include="level\MapChip.cpp">
      <Filter>level</Filter>
    </ClCompile>
    <ClCompile Include="Player.cpp" />
    <ClCompile Include="main.cpp" />
    <ClCompile Include="stdafx.cpp" />
    <ClCompile Include="Game.cpp" />
    <ClCompile Include="SourceFile\GameObject\GameObject.cpp">
      <Filter>Source Files\GameObject</Filter>
    </ClCompile>
    <ClCompile Include="SourceFile\GameObject\GameObjectManager.cpp">
      <Filter>Source Files\GameObject</Filter>
    </ClCompile>
    <ClCompile Include="SourceFile\graphic\2D\Sprite.cpp">
      <Filter>Source Files\graphics\2D</Filter>
    </ClCompile>
    <ClCompile Include="SourceFile\graphic\GPUBuffer\IndexBuffer.cpp">
      <Filter>Source Files\graphics\GPUBuffer</Filter>
    </ClCompile>
    <ClCompile Include="SourceFile\graphic\GPUBuffer\StructuredBuffer.cpp">
      <Filter>Source Files\graphics\GPUBuffer</Filter>
    </ClCompile>
    <ClCompile Include="SourceFile\graphic\GPUBuffer\VertexBuffer.cpp">
      <Filter>Source Files\graphics\GPUBuffer</Filter>
    </ClCompile>
    <ClCompile Include="SourceFile\graphic\Primitive.cpp">
      <Filter>Source Files\graphics</Filter>
    </ClCompile>
    <ClCompile Include="SourceFile\graphic\RenderContext.cpp">
      <Filter>Source Files\graphics</Filter>
    </ClCompile>
    <ClCompile Include="SpriteRender.cpp">
      <Filter>Source Files\graphics\2D</Filter>
    </ClCompile>
    <ClCompile Include="ConstantBuffer.cpp">
      <Filter>Source Files\graphics\GPUBuffer</Filter>
    </ClCompile>
    <ClCompile Include="CGPUBuffer.cpp">
      <Filter>Source Files\graphics\GPUBuffer</Filter>
    </ClCompile>
    <ClCompile Include="ShaderResourceView.cpp">
      <Filter>Source Files\graphics\GPUView</Filter>
    </ClCompile>
    <ClCompile Include="monster\MonsterBase.cpp">
      <Filter>monster</Filter>
    </ClCompile>
    <ClCompile Include="monster\MonsterTeam1.cpp" />
    <ClCompile Include="Skill\SkillList.cpp">
      <Filter>skill</Filter>
    </ClCompile>
    <ClCompile Include="Skill\SkillBase.cpp" />
    <ClCompile Include="Network\SampleNetwork.cpp" />
    <ClCompile Include="gameScenes\BattleScenes.cpp" />
    <ClCompile Include="gameScenes\TitleScene.cpp" />
    <ClCompile Include="Fade.cpp" />
  </ItemGroup>
  <ItemGroup>
    <ClInclude Include="math\Vector.h">
      <Filter>math</Filter>
    </ClInclude>
    <ClInclude Include="math\kMath.h">
      <Filter>math</Filter>
    </ClInclude>
    <ClInclude Include="math\Matrix.h">
      <Filter>math</Filter>
    </ClInclude>
    <ClInclude Include="graphics\GraphicsEngine.h">
      <Filter>graphics</Filter>
    </ClInclude>
    <ClInclude Include="graphics\SkinModel.h">
      <Filter>graphics</Filter>
    </ClInclude>
    <ClInclude Include="graphics\SkinModelDataManager.h">
      <Filter>graphics</Filter>
    </ClInclude>
    <ClInclude Include="graphics\Skeleton.h">
      <Filter>graphics</Filter>
    </ClInclude>
    <ClInclude Include="graphics\SkinModelEffect.h">
      <Filter>graphics</Filter>
    </ClInclude>
    <ClInclude Include="graphics\Shader.h">
      <Filter>graphics</Filter>
    </ClInclude>
    <ClInclude Include="graphics\SkinModelShaderConst.h">
      <Filter>graphics</Filter>
    </ClInclude>
    <ClInclude Include="graphics\ShaderResources.h">
      <Filter>graphics</Filter>
    </ClInclude>
    <ClInclude Include="graphics\animation\Animation.h">
      <Filter>graphics\animation</Filter>
    </ClInclude>
    <ClInclude Include="graphics\animation\AnimationClip.h">
      <Filter>graphics\animation</Filter>
    </ClInclude>
    <ClInclude Include="graphics\animation\AnimationPlayController.h">
      <Filter>graphics\animation</Filter>
    </ClInclude>
    <ClInclude Include="HID\Pad.h">
      <Filter>HID</Filter>
    </ClInclude>
    <ClInclude Include="system\system.h">
      <Filter>system</Filter>
    </ClInclude>
    <ClInclude Include="graphics\Camera.h">
      <Filter>graphics</Filter>
    </ClInclude>
    <ClInclude Include="physics\RigidBody.h">
      <Filter>physics</Filter>
    </ClInclude>
    <ClInclude Include="physics\Physics.h">
      <Filter>physics</Filter>
    </ClInclude>
    <ClInclude Include="physics\ICollider.h">
      <Filter>physics</Filter>
    </ClInclude>
    <ClInclude Include="physics\MeshCollider.h">
      <Filter>physics</Filter>
    </ClInclude>
    <ClInclude Include="physics\CapsuleCollider.h">
      <Filter>physics</Filter>
    </ClInclude>
    <ClInclude Include="physics\CollisionAttr.h">
      <Filter>physics</Filter>
    </ClInclude>
    <ClInclude Include="physics\PhysicsStaticObject.h">
      <Filter>physics</Filter>
    </ClInclude>
    <ClInclude Include="character\CharacterController.h">
      <Filter>character</Filter>
    </ClInclude>
    <ClInclude Include="level\Level.h">
      <Filter>level</Filter>
    </ClInclude>
    <ClInclude Include="level\MapChip.h">
      <Filter>level</Filter>
    </ClInclude>
    <ClInclude Include="Player.h" />
    <ClInclude Include="stdafx.h" />
    <ClInclude Include="util\Util.h" />
    <ClInclude Include="Game.h" />
    <ClInclude Include="SourceFile\GameObject\GameObject.h">
      <Filter>Source Files\GameObject</Filter>
    </ClInclude>
    <ClInclude Include="SourceFile\GameObject\GameObjectManager.h">
      <Filter>Source Files\GameObject</Filter>
    </ClInclude>
    <ClInclude Include="SourceFile\graphic\2D\Sprite.h">
      <Filter>Source Files\graphics\2D</Filter>
    </ClInclude>
    <ClInclude Include="SourceFile\graphic\GPUBuffer\IndexBuffer.h">
      <Filter>Source Files\graphics\GPUBuffer</Filter>
    </ClInclude>
    <ClInclude Include="SourceFile\graphic\GPUBuffer\StructuredBuffer.h">
      <Filter>Source Files\graphics\GPUBuffer</Filter>
    </ClInclude>
    <ClInclude Include="SourceFile\graphic\GPUBuffer\VertexBuffer.h">
      <Filter>Source Files\graphics\GPUBuffer</Filter>
    </ClInclude>
    <ClInclude Include="SourceFile\graphic\Primitive.h">
      <Filter>Source Files\graphics</Filter>
    </ClInclude>
    <ClInclude Include="SourceFile\graphic\RenderContext.h">
      <Filter>Source Files\graphics</Filter>
    </ClInclude>
    <ClInclude Include="SpriteRender.h">
      <Filter>Source Files\graphics\2D</Filter>
    </ClInclude>
    <ClInclude Include="ConstantBuffer.h">
      <Filter>Source Files\graphics\GPUBuffer</Filter>
    </ClInclude>
    <ClInclude Include="CGPUBuffer.h">
      <Filter>Source Files\graphics\GPUBuffer</Filter>
    </ClInclude>
    <ClInclude Include="ShaderResourceView.h">
      <Filter>Source Files\graphics\GPUView</Filter>
    </ClInclude>
    <ClInclude Include="monster\MonsterBase.h">
      <Filter>monster</Filter>
    </ClInclude>
    <ClInclude Include="monster\MonsterTeam1.h" />
    <ClInclude Include="Skill\SkillList.h">
      <Filter>skill</Filter>
    </ClInclude>
    <ClInclude Include="Skill\SkillBase.h" />
    <ClInclude Include="Network\SampleNetwork.h" />
    <ClInclude Include="gameScenes\BattleScenes.h" />
    <ClInclude Include="gameScenes\TitleScene.h" />
    <ClInclude Include="Fade.h" />
  </ItemGroup>
  <ItemGroup>
    <MeshContentTask Include="Assets\modelData\unityChan.fbx">
      <Filter>Assets\modelData</Filter>
    </MeshContentTask>
  </ItemGroup>
  <ItemGroup>
    <ImageContentTask Include="Assets\sprite\mikyan.jpg" />
    <ImageContentTask Include="Assets\sprite\win.png" />
    <ImageContentTask Include="Assets\sprite\preset\fade.png" />
    <ImageContentTask Include="Assets\sprite\PreTitle.png" />
  </ItemGroup>
</Project>